
Microsoft Visual Studio Solution File, Format Version 12.00
# Visual Studio 15
VisualStudioVersion = 15.0.28010.2016
MinimumVisualStudioVersion = 10.0.40219.1
Project("{FAE04EC0-301F-11D3-BF4B-00C04F79EFBC}") = "SudoKung", "SudoKung\SudoKung.csproj", "{F8BA8747-383F-4E43-B7D6-915391408846}"
EndProject
Project("{FAE04EC0-301F-11D3-BF4B-00C04F79EFBC}") = "SudoKung.Tests", "SudoKung.Tests\SudoKung.Tests.csproj", "{CCC1440A-9FCA-44AA-A0A8-BA4E43F62FAE}"
EndProject
Global
	GlobalSection(SolutionConfigurationPlatforms) = preSolution
		Debug|Any CPU = Debug|Any CPU
		Release|Any CPU = Release|Any CPU
	EndGlobalSection
	GlobalSection(ProjectConfigurationPlatforms) = postSolution
		{F8BA8747-383F-4E43-B7D6-915391408846}.Debug|Any CPU.ActiveCfg = Debug|Any CPU
		{F8BA8747-383F-4E43-B7D6-915391408846}.Debug|Any CPU.Build.0 = Debug|Any CPU
		{F8BA8747-383F-4E43-B7D6-915391408846}.Release|Any CPU.ActiveCfg = Release|Any CPU
		{F8BA8747-383F-4E43-B7D6-915391408846}.Release|Any CPU.Build.0 = Release|Any CPU
		{CCC1440A-9FCA-44AA-A0A8-BA4E43F62FAE}.Debug|Any CPU.ActiveCfg = Debug|Any CPU
		{CCC1440A-9FCA-44AA-A0A8-BA4E43F62FAE}.Debug|Any CPU.Build.0 = Debug|Any CPU
		{CCC1440A-9FCA-44AA-A0A8-BA4E43F62FAE}.Release|Any CPU.ActiveCfg = Release|Any CPU
		{CCC1440A-9FCA-44AA-A0A8-BA4E43F62FAE}.Release|Any CPU.Build.0 = Release|Any CPU
	EndGlobalSection
	GlobalSection(SolutionProperties) = preSolution
		HideSolutionNode = FALSE
	EndGlobalSection
	GlobalSection(ExtensibilityGlobals) = postSolution
		SolutionGuid = {2141C26C-5D72-47DD-BF59-58EAE4FB70DC}
	EndGlobalSection
EndGlobal
